# This file is automatically @generated by Cargo.
# It is not intended for manual editing.
version = 3

[[package]]
name = "bitfield"
version = "0.13.2"
source = "registry+https://github.com/rust-lang/crates.io-index"
checksum = "46afbd2983a5d5a7bd740ccb198caf5b82f45c40c09c0eed36052d91cb92e719"

[[package]]
name = "embedded-hal"
version = "1.0.0-rc.1"
source = "registry+https://github.com/rust-lang/crates.io-index"
checksum = "2894bc2f0457b8ca3d6b8ab8aad64d9337583672494013457f86c5a9146c0e22"

[[package]]
name = "embedded-hal-async"
version = "1.0.0-rc.1"
source = "registry+https://github.com/rust-lang/crates.io-index"
checksum = "76a8a3517745342155b3b00895a0f78417a453fb800d97a8bf4777d5720acde9"
dependencies = [
 "embedded-hal",
]

[[package]]
name = "tsl2591"
version = "0.2.0"
dependencies = [
 "bitfield",
 "embedded-hal",
 "embedded-hal-async",
]
