# This file is automatically @generated by Cargo.
# It is not intended for manual editing.
version = 3

[[package]]
name = "bitfield"
version = "0.13.2"
source = "registry+https://github.com/rust-lang/crates.io-index"
checksum = "46afbd2983a5d5a7bd740ccb198caf5b82f45c40c09c0eed36052d91cb92e719"

[[package]]
name = "embedded-hal"
version = "1.0.0-rc.3"
source = "registry+https://github.com/rust-lang/crates.io-index"
checksum = "bc402f79e1fd22731ca945b4f97b5ff37e7b3f379312595c42bb2e8811c29920"

[[package]]
name = "embedded-hal-async"
version = "1.0.0-rc.3"
source = "registry+https://github.com/rust-lang/crates.io-index"
checksum = "fa1fba2ef2ffb35d614acc6fb323ddf7facc45c069f24544d49ea54e5043626d"
dependencies = [
 "embedded-hal",
]

[[package]]
name = "tsl2591"
version = "0.2.0"
dependencies = [
 "bitfield",
 "embedded-hal",
 "embedded-hal-async",
]
